
Microsoft Visual Studio Solution File, Format Version 12.00
# Visual Studio 15
VisualStudioVersion = 15.0.26730.8
MinimumVisualStudioVersion = 10.0.40219.1
Project("{FAE04EC0-301F-11D3-BF4B-00C04F79EFBC}") = "QRotas", "QRotas\QRotas.csproj", "{526E2B6D-5276-4CCE-AC83-C50F10451950}"
EndProject
Global
	GlobalSection(SolutionConfigurationPlatforms) = preSolution
		Debug|Any CPU = Debug|Any CPU
		Release|Any CPU = Release|Any CPU
	EndGlobalSection
	GlobalSection(ProjectConfigurationPlatforms) = postSolution
		{526E2B6D-5276-4CCE-AC83-C50F10451950}.Debug|Any CPU.ActiveCfg = Debug|Any CPU
		{526E2B6D-5276-4CCE-AC83-C50F10451950}.Debug|Any CPU.Build.0 = Debug|Any CPU
		{526E2B6D-5276-4CCE-AC83-C50F10451950}.Release|Any CPU.ActiveCfg = Release|Any CPU
		{526E2B6D-5276-4CCE-AC83-C50F10451950}.Release|Any CPU.Build.0 = Release|Any CPU
	EndGlobalSection
	GlobalSection(SolutionProperties) = preSolution
		HideSolutionNode = FALSE
	EndGlobalSection
	GlobalSection(ExtensibilityGlobals) = postSolution
		SolutionGuid = {04266895-9AD5-4E56-BEBF-ABDCD34CB4A8}
	EndGlobalSection
EndGlobal
